
Microsoft Visual Studio Solution File, Format Version 12.00
# Visual Studio Version 17
VisualStudioVersion = 17.0.31903.59
MinimumVisualStudioVersion = 10.0.40219.1
Project("{2150E333-8FDC-42A3-9474-1A3956D46DE8}") = "src", "src", "{DAF2E66F-0C34-41FE-A914-455ADC848061}"
EndProject
Project("{FAE04EC0-301F-11D3-BF4B-00C04F79EFBC}") = "AuctionService", "src\AuctionService\AuctionService.csproj", "{27D2E072-D45E-4C71-B99B-FAE7D2C44738}"
EndProject
Project("{FAE04EC0-301F-11D3-BF4B-00C04F79EFBC}") = "SearchService", "src\SearchService\SearchService.csproj", "{2A2ACB23-945F-4B0E-8CEE-2CBDEA58027A}"
EndProject
Project("{FAE04EC0-301F-11D3-BF4B-00C04F79EFBC}") = "Contracts", "src\Contracts\Contracts.csproj", "{D7FE6016-11EB-44F2-B762-FBFBAC0116F4}"
EndProject
Project("{FAE04EC0-301F-11D3-BF4B-00C04F79EFBC}") = "IdentityService", "src\IdentityService\IdentityService.csproj", "{A6FAD8FA-4B7B-4A8D-8A92-E45E985CE4BB}"
EndProject
Project("{FAE04EC0-301F-11D3-BF4B-00C04F79EFBC}") = "GatewayService", "src\GatewayService\GatewayService.csproj", "{60BB1DD1-41AE-4883-B773-95AD303795C9}"
EndProject
Global
	GlobalSection(SolutionConfigurationPlatforms) = preSolution
		Debug|Any CPU = Debug|Any CPU
		Release|Any CPU = Release|Any CPU
	EndGlobalSection
	GlobalSection(SolutionProperties) = preSolution
		HideSolutionNode = FALSE
	EndGlobalSection
	GlobalSection(ProjectConfigurationPlatforms) = postSolution
		{27D2E072-D45E-4C71-B99B-FAE7D2C44738}.Debug|Any CPU.ActiveCfg = Debug|Any CPU
		{27D2E072-D45E-4C71-B99B-FAE7D2C44738}.Debug|Any CPU.Build.0 = Debug|Any CPU
		{27D2E072-D45E-4C71-B99B-FAE7D2C44738}.Release|Any CPU.ActiveCfg = Release|Any CPU
		{27D2E072-D45E-4C71-B99B-FAE7D2C44738}.Release|Any CPU.Build.0 = Release|Any CPU
		{2A2ACB23-945F-4B0E-8CEE-2CBDEA58027A}.Debug|Any CPU.ActiveCfg = Debug|Any CPU
		{2A2ACB23-945F-4B0E-8CEE-2CBDEA58027A}.Debug|Any CPU.Build.0 = Debug|Any CPU
		{2A2ACB23-945F-4B0E-8CEE-2CBDEA58027A}.Release|Any CPU.ActiveCfg = Release|Any CPU
		{2A2ACB23-945F-4B0E-8CEE-2CBDEA58027A}.Release|Any CPU.Build.0 = Release|Any CPU
		{D7FE6016-11EB-44F2-B762-FBFBAC0116F4}.Debug|Any CPU.ActiveCfg = Debug|Any CPU
		{D7FE6016-11EB-44F2-B762-FBFBAC0116F4}.Debug|Any CPU.Build.0 = Debug|Any CPU
		{D7FE6016-11EB-44F2-B762-FBFBAC0116F4}.Release|Any CPU.ActiveCfg = Release|Any CPU
		{D7FE6016-11EB-44F2-B762-FBFBAC0116F4}.Release|Any CPU.Build.0 = Release|Any CPU
		{A6FAD8FA-4B7B-4A8D-8A92-E45E985CE4BB}.Debug|Any CPU.ActiveCfg = Debug|Any CPU
		{A6FAD8FA-4B7B-4A8D-8A92-E45E985CE4BB}.Debug|Any CPU.Build.0 = Debug|Any CPU
		{A6FAD8FA-4B7B-4A8D-8A92-E45E985CE4BB}.Release|Any CPU.ActiveCfg = Release|Any CPU
		{A6FAD8FA-4B7B-4A8D-8A92-E45E985CE4BB}.Release|Any CPU.Build.0 = Release|Any CPU
		{60BB1DD1-41AE-4883-B773-95AD303795C9}.Debug|Any CPU.ActiveCfg = Debug|Any CPU
		{60BB1DD1-41AE-4883-B773-95AD303795C9}.Debug|Any CPU.Build.0 = Debug|Any CPU
		{60BB1DD1-41AE-4883-B773-95AD303795C9}.Release|Any CPU.ActiveCfg = Release|Any CPU
		{60BB1DD1-41AE-4883-B773-95AD303795C9}.Release|Any CPU.Build.0 = Release|Any CPU
	EndGlobalSection
	GlobalSection(NestedProjects) = preSolution
		{27D2E072-D45E-4C71-B99B-FAE7D2C44738} = {DAF2E66F-0C34-41FE-A914-455ADC848061}
		{2A2ACB23-945F-4B0E-8CEE-2CBDEA58027A} = {DAF2E66F-0C34-41FE-A914-455ADC848061}
		{D7FE6016-11EB-44F2-B762-FBFBAC0116F4} = {DAF2E66F-0C34-41FE-A914-455ADC848061}
		{A6FAD8FA-4B7B-4A8D-8A92-E45E985CE4BB} = {DAF2E66F-0C34-41FE-A914-455ADC848061}
		{60BB1DD1-41AE-4883-B773-95AD303795C9} = {DAF2E66F-0C34-41FE-A914-455ADC848061}
	EndGlobalSection
EndGlobal
